
Microsoft Visual Studio Solution File, Format Version 12.00
# Visual Studio Version 17
VisualStudioVersion = 17.4.33110.190
MinimumVisualStudioVersion = 10.0.40219.1
Project("{FAE04EC0-301F-11D3-BF4B-00C04F79EFBC}") = "TesteForm", "TesteForm.csproj", "{C46A43E5-0A12-4743-B7D7-D38DC2BBD03D}"
EndProject
Global
	GlobalSection(SolutionConfigurationPlatforms) = preSolution
		Debug|Any CPU = Debug|Any CPU
		Release|Any CPU = Release|Any CPU
	EndGlobalSection
	GlobalSection(ProjectConfigurationPlatforms) = postSolution
		{C46A43E5-0A12-4743-B7D7-D38DC2BBD03D}.Debug|Any CPU.ActiveCfg = Debug|Any CPU
		{C46A43E5-0A12-4743-B7D7-D38DC2BBD03D}.Debug|Any CPU.Build.0 = Debug|Any CPU
		{C46A43E5-0A12-4743-B7D7-D38DC2BBD03D}.Release|Any CPU.ActiveCfg = Release|Any CPU
		{C46A43E5-0A12-4743-B7D7-D38DC2BBD03D}.Release|Any CPU.Build.0 = Release|Any CPU
	EndGlobalSection
	GlobalSection(SolutionProperties) = preSolution
		HideSolutionNode = FALSE
	EndGlobalSection
	GlobalSection(ExtensibilityGlobals) = postSolution
		SolutionGuid = {FEE915F4-8F48-48E9-974D-E0D87ACC2588}
	EndGlobalSection
EndGlobal
